
Microsoft Visual Studio Solution File, Format Version 12.00
# Visual Studio Version 16
VisualStudioVersion = 16.0.30907.101
MinimumVisualStudioVersion = 10.0.40219.1
Project("{9A19103F-16F7-4668-BE54-9A1E7A4F7556}") = "Transactions.API", "src\Transactions.API\Transactions.API.csproj", "{36025FA4-15F4-41BD-8288-22EE57051C98}"
EndProject
Project("{FAE04EC0-301F-11D3-BF4B-00C04F79EFBC}") = "Transactions.API.UnitTests", "..\Transactions.API.UnitTests\Transactions.API.UnitTests.csproj", "{FA07ECE4-1213-4DC7-AF6C-8DFDD8804FC1}"
EndProject
Project("{E53339B2-1760-4266-BCC7-CA923CBCF16C}") = "docker-compose", "docker-compose.dcproj", "{7A813E52-4D56-4EEB-937D-38935088B4E8}"
EndProject
Global
	GlobalSection(SolutionConfigurationPlatforms) = preSolution
		Debug|Any CPU = Debug|Any CPU
		Release|Any CPU = Release|Any CPU
	EndGlobalSection
	GlobalSection(ProjectConfigurationPlatforms) = postSolution
		{36025FA4-15F4-41BD-8288-22EE57051C98}.Debug|Any CPU.ActiveCfg = Debug|Any CPU
		{36025FA4-15F4-41BD-8288-22EE57051C98}.Debug|Any CPU.Build.0 = Debug|Any CPU
		{36025FA4-15F4-41BD-8288-22EE57051C98}.Release|Any CPU.ActiveCfg = Release|Any CPU
		{36025FA4-15F4-41BD-8288-22EE57051C98}.Release|Any CPU.Build.0 = Release|Any CPU
		{FA07ECE4-1213-4DC7-AF6C-8DFDD8804FC1}.Debug|Any CPU.ActiveCfg = Debug|Any CPU
		{FA07ECE4-1213-4DC7-AF6C-8DFDD8804FC1}.Debug|Any CPU.Build.0 = Debug|Any CPU
		{FA07ECE4-1213-4DC7-AF6C-8DFDD8804FC1}.Release|Any CPU.ActiveCfg = Release|Any CPU
		{FA07ECE4-1213-4DC7-AF6C-8DFDD8804FC1}.Release|Any CPU.Build.0 = Release|Any CPU
		{7A813E52-4D56-4EEB-937D-38935088B4E8}.Debug|Any CPU.ActiveCfg = Debug|Any CPU
		{7A813E52-4D56-4EEB-937D-38935088B4E8}.Debug|Any CPU.Build.0 = Debug|Any CPU
		{7A813E52-4D56-4EEB-937D-38935088B4E8}.Release|Any CPU.ActiveCfg = Release|Any CPU
		{7A813E52-4D56-4EEB-937D-38935088B4E8}.Release|Any CPU.Build.0 = Release|Any CPU
	EndGlobalSection
	GlobalSection(SolutionProperties) = preSolution
		HideSolutionNode = FALSE
	EndGlobalSection
	GlobalSection(ExtensibilityGlobals) = postSolution
		SolutionGuid = {E0936847-C4F0-4EBD-BC3B-861A2243A94C}
	EndGlobalSection
EndGlobal
